
Microsoft Visual Studio Solution File, Format Version 12.00
# Visual Studio 2012
Project("{FAE04EC0-301F-11D3-BF4B-00C04F79EFBC}") = "Com.Android.DeskClock", "Com.Android.DeskClock\Com.Android.DeskClock.csproj", "{F1D0146E-06EA-4BD3-9233-7D7243731C2F}"
EndProject
Global
	GlobalSection(SolutionConfigurationPlatforms) = preSolution
		Debug|Any CPU = Debug|Any CPU
		Release|Any CPU = Release|Any CPU
	EndGlobalSection
	GlobalSection(ProjectConfigurationPlatforms) = postSolution
		{F1D0146E-06EA-4BD3-9233-7D7243731C2F}.Debug|Any CPU.ActiveCfg = Debug|Any CPU
		{F1D0146E-06EA-4BD3-9233-7D7243731C2F}.Debug|Any CPU.Build.0 = Debug|Any CPU
		{F1D0146E-06EA-4BD3-9233-7D7243731C2F}.Release|Any CPU.ActiveCfg = Release|Any CPU
		{F1D0146E-06EA-4BD3-9233-7D7243731C2F}.Release|Any CPU.Build.0 = Release|Any CPU
	EndGlobalSection
EndGlobal
